
Microsoft Visual Studio Solution File, Format Version 12.00
# Visual Studio Version 16
VisualStudioVersion = 16.0.31729.503
MinimumVisualStudioVersion = 10.0.40219.1
Project("{FAE04EC0-301F-11D3-BF4B-00C04F79EFBC}") = "Singleton", "Singleton\Singleton.csproj", "{AA0AF908-2912-495E-93CA-3057E213A832}"
EndProject
Global
	GlobalSection(SolutionConfigurationPlatforms) = preSolution
		Debug|Any CPU = Debug|Any CPU
		Release|Any CPU = Release|Any CPU
	EndGlobalSection
	GlobalSection(ProjectConfigurationPlatforms) = postSolution
		{AA0AF908-2912-495E-93CA-3057E213A832}.Debug|Any CPU.ActiveCfg = Debug|Any CPU
		{AA0AF908-2912-495E-93CA-3057E213A832}.Debug|Any CPU.Build.0 = Debug|Any CPU
		{AA0AF908-2912-495E-93CA-3057E213A832}.Release|Any CPU.ActiveCfg = Release|Any CPU
		{AA0AF908-2912-495E-93CA-3057E213A832}.Release|Any CPU.Build.0 = Release|Any CPU
	EndGlobalSection
	GlobalSection(SolutionProperties) = preSolution
		HideSolutionNode = FALSE
	EndGlobalSection
	GlobalSection(ExtensibilityGlobals) = postSolution
		SolutionGuid = {8199F4AA-6C52-4EAA-AC95-97429BE844D0}
	EndGlobalSection
EndGlobal
